
Microsoft Visual Studio Solution File, Format Version 12.00
# Visual Studio 15
VisualStudioVersion = 15.0.28307.168
MinimumVisualStudioVersion = 10.0.40219.1
Project("{9A19103F-16F7-4668-BE54-9A1E7A4F7556}") = "ProjetDubuisGelin", "ProjetDubuisGelin\ProjetDubuisGelin.csproj", "{E1735A17-E31F-4DCD-9A76-1914E8461266}"
EndProject
Project("{FAE04EC0-301F-11D3-BF4B-00C04F79EFBC}") = "Services", "Services\Services.csproj", "{963FBA93-7CD8-4DB7-909D-1A047118B6BD}"
EndProject
Project("{FAE04EC0-301F-11D3-BF4B-00C04F79EFBC}") = "DAL", "DAL\DAL.csproj", "{4F0B65E4-15FE-4229-B52E-0BC868B0067C}"
EndProject
Global
	GlobalSection(SolutionConfigurationPlatforms) = preSolution
		Debug|Any CPU = Debug|Any CPU
		Release|Any CPU = Release|Any CPU
	EndGlobalSection
	GlobalSection(ProjectConfigurationPlatforms) = postSolution
		{E1735A17-E31F-4DCD-9A76-1914E8461266}.Debug|Any CPU.ActiveCfg = Debug|Any CPU
		{E1735A17-E31F-4DCD-9A76-1914E8461266}.Debug|Any CPU.Build.0 = Debug|Any CPU
		{E1735A17-E31F-4DCD-9A76-1914E8461266}.Release|Any CPU.ActiveCfg = Release|Any CPU
		{E1735A17-E31F-4DCD-9A76-1914E8461266}.Release|Any CPU.Build.0 = Release|Any CPU
		{963FBA93-7CD8-4DB7-909D-1A047118B6BD}.Debug|Any CPU.ActiveCfg = Debug|Any CPU
		{963FBA93-7CD8-4DB7-909D-1A047118B6BD}.Debug|Any CPU.Build.0 = Debug|Any CPU
		{963FBA93-7CD8-4DB7-909D-1A047118B6BD}.Release|Any CPU.ActiveCfg = Release|Any CPU
		{963FBA93-7CD8-4DB7-909D-1A047118B6BD}.Release|Any CPU.Build.0 = Release|Any CPU
		{4F0B65E4-15FE-4229-B52E-0BC868B0067C}.Debug|Any CPU.ActiveCfg = Debug|Any CPU
		{4F0B65E4-15FE-4229-B52E-0BC868B0067C}.Debug|Any CPU.Build.0 = Debug|Any CPU
		{4F0B65E4-15FE-4229-B52E-0BC868B0067C}.Release|Any CPU.ActiveCfg = Release|Any CPU
		{4F0B65E4-15FE-4229-B52E-0BC868B0067C}.Release|Any CPU.Build.0 = Release|Any CPU
	EndGlobalSection
	GlobalSection(SolutionProperties) = preSolution
		HideSolutionNode = FALSE
	EndGlobalSection
	GlobalSection(ExtensibilityGlobals) = postSolution
		SolutionGuid = {C8C3D99E-1364-475C-9618-6F37B9E1D674}
	EndGlobalSection
EndGlobal
